github.com/Baozisoftware/qrcode-terminal-go v0.0.0-20170407111555-c0650d8dff0f h1:2dk3eOnYllh+wUOuDhOoC2vUVoJF/5z478ryJ+wzEII=
github.com/Baozisoftware/qrcode-terminal-go v0.0.0-20170407111555-c0650d8dff0f/go.mod h1:4a58ifQTEe2uwwsaqbh3i2un5/CBPg+At/qHpt18Tmk=
github.com/codegangsta/negroni v1.0.0/go.mod h1:v0y3T5G7Y1UlFfyxFn/QLRU4a2EuNau2iZY63YTKWo0=
github.com/danwakefield/fnmatch v0.0.0-20160403171240-cbb64ac3d964 h1:y5HC9v93H5EPKqaS1UYVg1uYah5Xf51mBfIoWehClUQ=
github.com/danwakefield/fnmatch v0.0.0-20160403171240-cbb64ac3d964/go.mod h1:Xd9hchkHSWYkEqJwUGisez3G1QY8Ryz0sdWrLPMGjLk=
github.com/davecgh/go-spew v1.1.0/go.mod h1:J7Y8YcW2NihsgmVo/mv3lAwl/skON4iLHjSsI+c5H38=
github.com/davecgh/go-spew v1.1.1 h1:vj9j/u1bqnvCEfJOwUhtlOARqs3+rkHYY13jYWTU97c=
github.com/davecgh/go-spew v1.1.1/go.mod h1:J7Y8YcW2NihsgmVo/mv3lAwl/skON4iLHjSsI+c5H38=
github.com/dustin/go-humanize v1.0.0 h1:VSnTsYCnlFHaM2/igO1h6X3HA71jcobQuxemgkq4zYo=
github.com/dustin/go-humanize v1.0.0/go.mod h1:HtrtbFcZ19U5GC7JDqmcUSB87Iq5E25KnS6fMYU6eOk=
github.com/gin-contrib/sse v0.1.0 h1:Y/yl/+YNO8GZSjAhjMsSuLt29uWRFHdHYUb5lYOV9qE=
github.com/gin-contrib/sse v0.1.0/go.mod h1:RHrZQHXnP2xjPF+u1gW/2HnVO7nvIa9PG3Gm+fLHvGI=
github.com/gin-gonic/gin v1.7.0/go.mod h1:jD2toBW3GZUr5UMcdrwQA10I7RuaFOl/SGeDjXkfUtY=
github.com/gin-gonic/gin v1.7.1 h1:qC89GU3p8TvKWMAVhEpmpB2CIb1hnqt2UdKZaP93mS8=
github.com/gin-gonic/gin v1.7.1/go.mod h1:jD2toBW3GZUr5UMcdrwQA10I7RuaFOl/SGeDjXkfUtY=
github.com/go-playground/assert/v2 v2.0.1 h1:MsBgLAaY856+nPRTKrp3/OZK38U/wa0CcBYNjji3q3A=
github.com/go-playground/assert/v2 v2.0.1/go.mod h1:VDjEfimB/XKnb+ZQfWdccd7VUvScMdVu0Titje2rxJ4=
github.com/go-playground/locales v0.13.0 h1:HyWk6mgj5qFqCT5fjGBuRArbVDfE4hi8+e8ceBS/t7Q=
github.com/go-playground/locales v0.13.0/go.mod h1:taPMhCMXrRLJO55olJkUXHZBHCxTMfnGwq/HNwmWNS8=
github.com/go-playground/universal-translator v0.17.0 h1:icxd5fm+REJzpZx7ZfpaD876Lmtgy7VtROAbHHXk8no=
github.com/go-playground/universal-translator v0.17.0/go.mod h1:UkSxE5sNxxRwHyU+Scu5vgOQjsIJAF8j9muTVoKLVtA=
github.com/go-playground/validator/v10 v10.4.1/go.mod h1:nlOn6nFhuKACm19sB/8EGNn9GlaMV7XkbRSipzJ0Ii4=
github.com/go-playground/validator/v10 v10.5.0 h1:X9rflw/KmpACwT8zdrm1upefpvdy6ur8d1kWyq6sg3E=
github.com/go-playground/validator/v10 v10.5.0/go.mod h1:xm76BBt941f7yWdGnI2DVPFFg1UK3YY04qifoXU3lOk=
github.com/go-stack/stack v1.8.1 h1:ntEHSVwIt7PNXNpgPmVfMrNhLtgjlmnZha2kOpuRiDw=
github.com/go-stack/stack v1.8.1/go.mod h1:dcoOX6HbPZSZptuspn9bctJ+N/CnF5gGygcUP3XYfe4=
github.com/go-telegram-bot-api/telegram-bot-api/v5 v5.4.0-beta.0 h1:mbEDV1g6RBzKd4sFjOWuyZdxItw4CWu5Kq4KaBAJbHM=
github.com/go-telegram-bot-api/telegram-bot-api/v5 v5.4.0-beta.0/go.mod h1:5+h9c5l1Z/+Pi+5boa1Fmr4Q+FImsXYnifor92ljaVs=
github.com/goincremental/negroni-sessions v0.0.0-20171223143234-40b49004abee/go.mod h1:32Cq/6avji0Xp32YipwaOV3PsvpGfuYKTJP9XJrdXe8=
github.com/golang/protobuf v1.3.3/go.mod h1:vzj43D7+SQXF/4pzW/hwtAqwc6iTitCiVSaWz5lYuqw=
github.com/golang/protobuf v1.5.0/go.mod h1:FsONVRAS9T7sI+LIUmWTfcYkHO4aIWwzhcaSAoJOfIk=
github.com/golang/protobuf v1.5.2 h1:ROPKBNFfQgOUMifHyP+KYbvpjbdoFNs+aK7DXlji0Tw=
github.com/golang/protobuf v1.5.2/go.mod h1:XVQd3VNwM+JqD3oG2Ue2ip4fOMUkwXdXDdiuN0vRsmY=
github.com/google/go-cmp v0.5.3/go.mod h1:v8dTdLbMG2kIc/vJvl+f65V22dbkXbowE6jgT/gNBxE=
github.com/google/go-cmp v0.5.5 h1:Khx7svrCpmxxtHBq5j2mp/xVjsi8hQMfNLvJFAlrGgU=
github.com/google/go-cmp v0.5.5/go.mod h1:v8dTdLbMG2kIc/vJvl+f65V22dbkXbowE6jgT/gNBxE=
github.com/google/gofuzz v1.0.0/go.mod h1:dBl0BpW6vV/+mYPU4Po3pmUjxk6FQPldtuIdl/M65Eg=
github.com/google/uuid v1.1.1/go.mod h1:TIyPZe4MgqvfeYDBFedMoGGpEw/LqOeaOT+nhxU+yHo=
github.com/google/uuid v1.3.0 h1:t6JiXgmwXMjEs8VusXIJk2BXHsn+wx8BZdTaoZ5fu7I=
github.com/google/uuid v1.3.0/go.mod h1:TIyPZe4MgqvfeYDBFedMoGGpEw/LqOeaOT+nhxU+yHo=
github.com/gorilla/context v1.1.1/go.mod h1:kBGZzfjB9CEq2AlWe17Uuf7NDRt0dE0s8S51q0aT7Yg=
github.com/gorilla/securecookie v1.1.1/go.mod h1:ra0sb63/xPlUeL+yeDciTfxMRAA+MP+HVt/4epWDjd4=
github.com/gorilla/sessions v1.2.1/go.mod h1:dk2InVEVJ0sfLlnXv9EAgkf6ecYs/i80K/zI+bUmuGM=
github.com/gorilla/websocket v1.4.2 h1:+/TMaTYc4QFitKJxsQ7Yye35DkWvkdLcvGKqM+x0Ufc=
github.com/gorilla/websocket v1.4.2/go.mod h1:YR8l580nyteQvAITg2hZ9XVh4b55+EU/adAjf1fMHhE=
github.com/guonaihong/gout v0.2.9 h1:8nU5hrtwP1qDwiadFvU+D+z3ud9WEk8iPSfxQDiebng=
github.com/guonaihong/gout v0.2.9/go.mod h1:H1JqEuZmK4h/urWUq/LnIOEzS1kxl5rK3NkFqZ6Rn48=
github.com/h2non/filetype v1.1.1/go.mod h1:319b3zT68BvV+WRj7cwy856M2ehB3HqNOt6sy1HndBY=
github.com/hashicorp/errwrap v1.0.0 h1:hLrqtEDnRye3+sgx6z4qVLNuviH3MR5aQ0ykNJa/UYA=
github.com/hashicorp/errwrap v1.0.0/go.mod h1:YH+1FKiLXxHSkmPseP+kNlulaMuP3n2brvKWEqk/Jc4=
github.com/hashicorp/go-multierror v1.1.1 h1:H5DkEtf6CXdFp0N0Em5UCwQpXMWke8IA0+lD48awMYo=
github.com/hashicorp/go-multierror v1.1.1/go.mod h1:iw975J/qwKPdAO1clOe2L8331t/9/fmwbPZ6JB6eMoM=
github.com/imroc/req/v3 v3.8.2 h1:wFZ7B0dclCQyjClP5GwXRboUGIek5l0mCpodrGgT01c=
github.com/imroc/req/v3 v3.8.2/go.mod h1:3JIicOKEDHfCSYYNLb/ObZNpx64EV5y40VlHMwhUCzU=
github.com/johlanse/wechat v0.0.0-20220731103216-3c9e7b56434f h1:wpe87qm/nBbQ8BT+mrYvEHnXRbn11+2iSYpjrj62QAQ=
github.com/johlanse/wechat v0.0.0-20220731103216-3c9e7b56434f/go.mod h1:dLGDxcVd4CFRQInD2S2aMm4CGobWAFixOEgFxXZJ6Sw=
github.com/jonboulle/clockwork v0.2.2 h1:UOGuzwb1PwsrDAObMuhUnj0p5ULPj8V/xJ7Kx9qUBdQ=
github.com/jonboulle/clockwork v0.2.2/go.mod h1:Pkfl5aHPm1nk2H9h0bjmnJD/BcgbGXUBGnn1kMkgxc8=
github.com/json-iterator/go v1.1.9/go.mod h1:KdQUCv79m/52Kvf8AW2vK1V8akMuk1QjK/uOdHXbAo4=
github.com/json-iterator/go v1.1.10 h1:Kz6Cvnvv2wGdaG/V8yMvfkmNiXq9Ya2KUv4rouJJr68=
github.com/json-iterator/go v1.1.10/go.mod h1:KdQUCv79m/52Kvf8AW2vK1V8akMuk1QjK/uOdHXbAo4=
github.com/julienschmidt/httprouter v1.3.0/go.mod h1:JR6WtHb+2LUe8TCKY3cZOxFyyO8IZAc4RVcycCCAKdM=
github.com/kardianos/osext v0.0.0-20190222173326-2bc1f35cddc0 h1:iQTw/8FWTuc7uiaSepXwyf3o52HaUYcV+Tu66S3F5GA=
github.com/kardianos/osext v0.0.0-20190222173326-2bc1f35cddc0/go.mod h1:1NbS8ALrpOvjt0rHPNLyCIeMtbizbir8U//inJ+zuB8=
github.com/kballard/go-shellquote v0.0.0-20180428030007-95032a82bc51 h1:Z9n2FFNUXsshfwJMBgNA0RU6/i7WVaAegv3PtuIHPMs=
github.com/kballard/go-shellquote v0.0.0-20180428030007-95032a82bc51/go.mod h1:CzGEWj7cYgsdH8dAjBGEr58BoE7ScuLd+fwFZ44+/x8=
github.com/klauspost/compress v1.15.5 h1:qyCLMz2JCrKADihKOh9FxnW3houKeNsp2h5OEz0QSEA=
github.com/klauspost/compress v1.15.5/go.mod h1:PhcZ0MbTNciWF3rruxRgKxI5NkcHHrHUDtV4Yw2GlzU=
github.com/konsorten/go-windows-terminal-sequences v1.0.1/go.mod h1:T0+1ngSBFLxvqU3pZ+m/2kptfBszLMUkC4ZK/EgS/cQ=
github.com/kr/pty v1.1.1/go.mod h1:pFQYn66WHrOpPYNljwOMqo10TkYh1fy3cYio2l3bCsQ=
github.com/kr/text v0.1.0 h1:45sCR5RtlFHMR4UwH9sdQ5TC8v0qDQCHnXt+kaKSTVE=
github.com/kr/text v0.1.0/go.mod h1:4Jbv+DJW3UT/LiOwJeYQe1efqtUx/iVham/4vfdArNI=
github.com/leodido/go-urn v1.2.0/go.mod h1:+8+nEpDfqqsY+g338gtMEUOtuK+4dEMhiQEgxpxOKII=
github.com/leodido/go-urn v1.2.1 h1:BqpAaACuzVSgi/VLzGZIobT2z4v53pjosyNd9Yv6n/w=
github.com/leodido/go-urn v1.2.1/go.mod h1:zt4jvISO2HfUBqxjfIshjdMTYS56ZS/qv49ictyFfxY=
github.com/lestrrat-go/envload v0.0.0-20180220234015-a3eb8ddeffcc h1:RKf14vYWi2ttpEmkA4aQ3j4u9dStX2t4M8UM6qqNsG8=
github.com/lestrrat-go/envload v0.0.0-20180220234015-a3eb8ddeffcc/go.mod h1:kopuH9ugFRkIXf3YoqHKyrJ9YfUFsckUU9S7B+XP+is=
github.com/lestrrat-go/file-rotatelogs v2.4.0+incompatible h1:Y6sqxHMyB1D2YSzWkLibYKgg+SwmyFU9dF2hn6MdTj4=
github.com/lestrrat-go/file-rotatelogs v2.4.0+incompatible/go.mod h1:ZQnN8lSECaebrkQytbHj4xNgtg8CR7RYXnPok8e0EHA=
github.com/lestrrat-go/strftime v1.0.5 h1:A7H3tT8DhTz8u65w+JRpiBxM4dINQhUXAZnhBa2xeOE=
github.com/lestrrat-go/strftime v1.0.5/go.mod h1:E1nN3pCbtMSu1yjSVeyuRFVm/U0xoR76fd03sz+Qz4g=
github.com/makiuchi-d/gozxing v0.1.1 h1:xxqijhoedi+/lZlhINteGbywIrewVdVv2wl9r5O9S1I=
github.com/makiuchi-d/gozxing v0.1.1/go.mod h1:eRIHbOjX7QWxLIDJoQuMLhuXg9LAuw6znsUtRkNw9DU=
github.com/mattn/go-colorable v0.1.12 h1:jF+Du6AlPIjs2BiUiQlKOX0rt3SujHxPnksPKZbaA40=
github.com/mattn/go-colorable v0.1.12/go.mod h1:u5H1YNBxpqRaxsYJYSkiCWKzEfiAb1Gb520KVy5xxl4=
github.com/mattn/go-isatty v0.0.12/go.mod h1:cbi8OIDigv2wuxKPP5vlRcQ1OAZbq2CE4Kysco4FUpU=
github.com/mattn/go-isatty v0.0.14 h1:yVuAays6BHfxijgZPzw+3Zlu5yQgKGP2/hcQbHb7S9Y=
github.com/mattn/go-isatty v0.0.14/go.mod h1:7GGIvUiUoEMVVmxf/4nioHXj79iQHKdU27kJ6hsGG94=
github.com/mattn/go-sqlite3 v1.14.10 h1:MLn+5bFRlWMGoSRmJour3CL1w/qL96mvipqpwQW/Sfk=
github.com/mattn/go-sqlite3 v1.14.10/go.mod h1:NyWgC/yNuGj7Q9rpYnZvas74GogHl5/Z4A/KQRfk6bU=
github.com/modern-go/concurrent v0.0.0-20180228061459-e0a39a4cb421/go.mod h1:6dJC0mAP4ikYIbvyc7fijjWJddQyLn8Ig3JB5CqoB9Q=
github.com/modern-go/concurrent v0.0.0-20180306012644-bacd9c7ef1dd h1:TRLaZ9cD/w8PVh93nsPXa1VrQ6jlwL5oN8l14QlcNfg=
github.com/modern-go/concurrent v0.0.0-20180306012644-bacd9c7ef1dd/go.mod h1:6dJC0mAP4ikYIbvyc7fijjWJddQyLn8Ig3JB5CqoB9Q=
github.com/modern-go/reflect2 v0.0.0-20180701023420-4b7aa43c6742/go.mod h1:bx2lNnkwVCuqBIxFjflWJWanXIb3RllmbCylyMrvgv0=
github.com/modern-go/reflect2 v1.0.1 h1:9f412s+6RmYXLWZSEzVVgPGK7C2PphHj5RJrvfx9AWI=
github.com/modern-go/reflect2 v1.0.1/go.mod h1:bx2lNnkwVCuqBIxFjflWJWanXIb3RllmbCylyMrvgv0=
github.com/mxschmitt/playwright-go v0.1400.0 h1:HL8dbxcVEobE+pNjASeYGJJRmd4+9gyu/51XO7d3qF0=
github.com/mxschmitt/playwright-go v0.1400.0/go.mod h1:kUvZFgMneRGknVLtC2DKQ42lhZiCmWzxgBdGwjC0vkw=
github.com/nfnt/resize v0.0.0-20180221191011-83c6a9932646 h1:zYyBkD/k9seD2A7fsi6Oo2LfFZAehjjQMERAvZLEDnQ=
github.com/nfnt/resize v0.0.0-20180221191011-83c6a9932646/go.mod h1:jpp1/29i3P1S/RLdc7JQKbRpFeM1dOBd8T9ki5s+AY8=
github.com/niemeyer/pretty v0.0.0-20200227124842-a10e7caefd8e h1:fD57ERR4JtEqsWbfPhv4DMiApHyliiK5xCTNVSPiaAs=
github.com/niemeyer/pretty v0.0.0-20200227124842-a10e7caefd8e/go.mod h1:zD1mROLANZcx1PVRCS0qkT7pwLkGfwJo4zjcN/Tysno=
github.com/pkg/errors v0.8.1/go.mod h1:bwawxfHBFNV+L2hUp1rHADufV3IMtnDRdf1r5NINEl0=
github.com/pkg/errors v0.9.1 h1:FEBLx1zS214owpjy7qsBeixbURkuhQAwrK5UwLGTwt4=
github.com/pkg/errors v0.9.1/go.mod h1:bwawxfHBFNV+L2hUp1rHADufV3IMtnDRdf1r5NINEl0=
github.com/playwright-community/playwright-go v0.2000.1 h1:2JViSHpJQ/UL/PO1Gg6gXV5IcXAAsoBJ3KG9L3wKXto=
github.com/playwright-community/playwright-go v0.2000.1/go.mod h1:1y9cM9b9dVHnuRWzED1KLM7FtbwTJC8ibDjI6MNqewU=
github.com/pmezard/go-difflib v1.0.0 h1:4DBwDE0NGyQoBHbLQYPwSUPoCMWR5BEzIk/f1lZbAQM=
github.com/pmezard/go-difflib v1.0.0/go.mod h1:iKH77koFhYxTK1pcRnkKkqfTogsbg7gZNVY4sRDYZ/4=
github.com/remyoudompheng/bigfft v0.0.0-20200410134404-eec4a21b6bb0 h1:OdAsTTz6OkFY5QxjkYwrChwuRruF69c169dPK26NUlk=
github.com/remyoudompheng/bigfft v0.0.0-20200410134404-eec4a21b6bb0/go.mod h1:qqbHyh8v60DhA7CoWK5oRCqLrMHRGoxYCSS9EjAz6Eo=
github.com/robfig/cron/v3 v3.0.0 h1:kQ6Cb7aHOHTSzNVNEhmp8EcWKLb4CbiMW9h9VyIhO4E=
github.com/robfig/cron/v3 v3.0.0/go.mod h1:eQICP3HwyT7UooqI/z+Ov+PtYAWygg1TEWWzGIFLtro=
github.com/sirupsen/logrus v1.4.2/go.mod h1:tLMulIdttU9McNUspp0xgXVQah82FyeX6MwdIuYE2rE=
github.com/sirupsen/logrus v1.9.0 h1:trlNQbNUG3OdDrDil03MCb1H2o9nJ1x4/5LYw7byDE0=
github.com/sirupsen/logrus v1.9.0/go.mod h1:naHLuLoDiP4jHNo9R0sCBMtWGeIprob74mVsIT4qYEQ=
github.com/skip2/go-qrcode v0.0.0-20200617195104-da1b6568686e h1:MRM5ITcdelLK2j1vwZ3Je0FKVCfqOLp5zO6trqMLYs0=
github.com/skip2/go-qrcode v0.0.0-20200617195104-da1b6568686e/go.mod h1:XV66xRDqSt+GTGFMVlhk3ULuV0y9ZmzeVGR4mloJI3M=
github.com/stretchr/objx v0.1.0/go.mod h1:HFkY916IF+rwdDfMAkV7OtwuqBVzrE8GR6GFx+wExME=
github.com/stretchr/objx v0.1.1/go.mod h1:HFkY916IF+rwdDfMAkV7OtwuqBVzrE8GR6GFx+wExME=
github.com/stretchr/testify v1.2.2/go.mod h1:a8OnRcib4nhh0OaRAV+Yts87kKdq0PP7pXfy6kDkUVs=
github.com/stretchr/testify v1.3.0/go.mod h1:M5WIy9Dh21IEIfnGCwXGc5bZfKNJtfHm1UVUgZn+9EI=
github.com/stretchr/testify v1.4.0/go.mod h1:j7eGeouHqKxXV5pUuKE4zz7dFj8WfuZ+81PSLYec5m4=
github.com/stretchr/testify v1.6.1/go.mod h1:6Fq8oRcR53rry900zMqJjRRixrwX3KX962/h/Wwjteg=
github.com/stretchr/testify v1.7.0 h1:nwc3DEeHmmLAfoZucVR881uASk0Mfjw8xYJ99tb5CcY=
github.com/stretchr/testify v1.7.0/go.mod h1:6Fq8oRcR53rry900zMqJjRRixrwX3KX962/h/Wwjteg=
github.com/t-tomalak/logrus-easy-formatter v0.0.0-20190827215021-c074f06c5816 h1:J6v8awz+me+xeb/cUTotKgceAYouhIB3pjzgRd6IlGk=
github.com/t-tomalak/logrus-easy-formatter v0.0.0-20190827215021-c074f06c5816/go.mod h1:tzym/CEb5jnFI+Q0k4Qq3+LvRF4gO3E2pxS8fHP8jcA=
github.com/tidwall/gjson v1.12.1 h1:ikuZsLdhr8Ws0IdROXUS1Gi4v9Z4pGqpX/CvJkxvfpo=
github.com/tidwall/gjson v1.12.1/go.mod h1:/wbyibRr2FHMks5tjHJ5F8dMZh3AcwJEMf5vlfC0lxk=
github.com/tidwall/match v1.1.1 h1:+Ho715JplO36QYgwN9PGYNhgZvoUSc9X2c80KVTi+GA=
github.com/tidwall/match v1.1.1/go.mod h1:eRSPERbgtNPcGhD8UCthc6PmLEQXEWd3PRB5JTxsfmM=
github.com/tidwall/pretty v1.2.0 h1:RWIZEg2iJ8/g6fDDYzMpobmaoGh5OLl4AXtGUGPcqCs=
github.com/tidwall/pretty v1.2.0/go.mod h1:ITEVvHYasfjBbM0u2Pg8T2nJnzm8xPwvNhhsoaGGjNU=
github.com/ugorji/go v1.1.7/go.mod h1:kZn38zHttfInRq0xu/PH0az30d+z6vm202qpg1oXVMw=
github.com/ugorji/go v1.2.5 h1:NozRHfUeEta89taVkyfsDVSy2f7v89Frft4pjnWuGuc=
github.com/ugorji/go v1.2.5/go.mod h1:gat2tIT8KJG8TVI8yv77nEO/KYT6dV7JE1gfUa8Xuls=
github.com/ugorji/go/codec v1.1.7/go.mod h1:Ax+UKWsSmolVDwsd+7N3ZtXu+yMGCf907BLYF3GoBXY=
github.com/ugorji/go/codec v1.2.5 h1:8WobZKAk18Msm2CothY2jnztY56YVY8kF1oQrj21iis=
github.com/ugorji/go/codec v1.2.5/go.mod h1:QPxoTbPKSEAlAHPYt02++xp/en9B/wUdwFCz+hj5caA=
github.com/urfave/negroni v1.0.0/go.mod h1:Meg73S6kFm/4PpbYdq35yYWoCZ9mS/YSx+lKnmiohz4=
github.com/yuin/goldmark v1.2.1/go.mod h1:3hX8gzYuyVAZsxl0MRgGTJEmQBFcNTphYh9decYSb74=
golang.org/x/crypto v0.0.0-20190308221718-c2843e01d9a2/go.mod h1:djNgcEr1/C05ACkg1iLfiJU5Ep61QUkGW8qpdssI0+w=
golang.org/x/crypto v0.0.0-20191011191535-87dc89f01550/go.mod h1:yigFU9vqHzYiE8UmvKecakEJjdnWj3jj499lnFckfCI=
golang.org/x/crypto v0.0.0-20200622213623-75b288015ac9/go.mod h1:LzIPMQfyMNhhGPhUkYOs5KpL4U8rLKemX1yGLhDgUto=
golang.org/x/crypto v0.0.0-20211215153901-e495a2d5b3d3 h1:0es+/5331RGQPcXlMfP+WrnIIS6dNnNRe0WB02W0F4M=
golang.org/x/crypto v0.0.0-20211215153901-e495a2d5b3d3/go.mod h1:IxCIyHEi3zRg3s0A5j5BB6A9Jmi73HwBIUl50j+osU4=
golang.org/x/image v0.0.0-20211028202545-6944b10bf410 h1:hTftEOvwiOq2+O8k2D5/Q7COC7k5Qcrgc2TFURJYnvQ=
golang.org/x/image v0.0.0-20211028202545-6944b10bf410/go.mod h1:023OzeP/+EPmXeapQh35lcL3II3LrY8Ic+EFFKVhULM=
golang.org/x/mod v0.3.0 h1:RM4zey1++hCTbCVQfnWeKs9/IEsaBLA8vTkd0WVtmH4=
golang.org/x/mod v0.3.0/go.mod h1:s0Qsj1ACt9ePp/hMypM3fl4fZqREWJwdYDEqhRiZZUA=
golang.org/x/net v0.0.0-20190404232315-eb5bcb51f2a3/go.mod h1:t9HGtf8HONx5eT2rtn7q6eTqICYqUVnKs3thJo3Qplg=
golang.org/x/net v0.0.0-20190620200207-3b0461eec859/go.mod h1:z5CRVTTTmAJ677TzLLGU+0bjPO0LkuOLi4/5GtJWs/s=
golang.org/x/net v0.0.0-20200114155413-6afb5195e5aa/go.mod h1:z5CRVTTTmAJ677TzLLGU+0bjPO0LkuOLi4/5GtJWs/s=
golang.org/x/net v0.0.0-20201021035429-f5854403a974/go.mod h1:sp8m0HH+o8qH0wwXwYZr8TS3Oi6o0r6Gce1SSxlDquU=
golang.org/x/net v0.0.0-20211112202133-69e39bad7dc2/go.mod h1:9nx3DQGgdP8bBQD5qxJ1jj9UTztislL4KSBs9R2vV5Y=
golang.org/x/net v0.0.0-20220111093109-d55c255bac03 h1:0FB83qp0AzVJm+0wcIlauAjJ+tNdh7jLuacRYCIVv7s=
golang.org/x/net v0.0.0-20220111093109-d55c255bac03/go.mod h1:9nx3DQGgdP8bBQD5qxJ1jj9UTztislL4KSBs9R2vV5Y=
golang.org/x/sync v0.0.0-20190423024810-112230192c58/go.mod h1:RxMgew5VJxzue5/jJTE5uejpjVlOe/izrB70Jof72aM=
golang.org/x/sync v0.0.0-20201020160332-67f06af15bc9/go.mod h1:RxMgew5VJxzue5/jJTE5uejpjVlOe/izrB70Jof72aM=
golang.org/x/sys v0.0.0-20190215142949-d0b11bdaac8a/go.mod h1:STP8DvDyc/dI5b8T5hshtkjS+E42TnysNCUPdjciGhY=
golang.org/x/sys v0.0.0-20190412213103-97732733099d/go.mod h1:h1NjWce9XRLGQEsW7wpKNCjG9DtNlClVuFLEZdDNbEs=
golang.org/x/sys v0.0.0-20190422165155-953cdadca894/go.mod h1:h1NjWce9XRLGQEsW7wpKNCjG9DtNlClVuFLEZdDNbEs=
golang.org/x/sys v0.0.0-20200116001909-b77594299b42/go.mod h1:h1NjWce9XRLGQEsW7wpKNCjG9DtNlClVuFLEZdDNbEs=
golang.org/x/sys v0.0.0-20200930185726-fdedc70b468f/go.mod h1:h1NjWce9XRLGQEsW7wpKNCjG9DtNlClVuFLEZdDNbEs=
golang.org/x/sys v0.0.0-20201119102817-f84b799fce68/go.mod h1:h1NjWce9XRLGQEsW7wpKNCjG9DtNlClVuFLEZdDNbEs=
golang.org/x/sys v0.0.0-20201126233918-771906719818/go.mod h1:h1NjWce9XRLGQEsW7wpKNCjG9DtNlClVuFLEZdDNbEs=
golang.org/x/sys v0.0.0-20210423082822-04245dca01da/go.mod h1:h1NjWce9XRLGQEsW7wpKNCjG9DtNlClVuFLEZdDNbEs=
golang.org/x/sys v0.0.0-20210615035016-665e8c7367d1/go.mod h1:oPkhp1MJrh7nUepCBck5+mAzfO9JrbApNNgaTdGDITg=
golang.org/x/sys v0.0.0-20210630005230-0f9fa26af87c/go.mod h1:oPkhp1MJrh7nUepCBck5+mAzfO9JrbApNNgaTdGDITg=
golang.org/x/sys v0.0.0-20210902050250-f475640dd07b/go.mod h1:oPkhp1MJrh7nUepCBck5+mAzfO9JrbApNNgaTdGDITg=
golang.org/x/sys v0.0.0-20210927094055-39ccf1dd6fa6/go.mod h1:oPkhp1MJrh7nUepCBck5+mAzfO9JrbApNNgaTdGDITg=
golang.org/x/sys v0.0.0-20211007075335-d3039528d8ac/go.mod h1:oPkhp1MJrh7nUepCBck5+mAzfO9JrbApNNgaTdGDITg=
golang.org/x/sys v0.0.0-20220715151400-c0bba94af5f8 h1:0A+M6Uqn+Eje4kHMK80dtF3JCXC4ykBgQG4Fe06QRhQ=
golang.org/x/sys v0.0.0-20220715151400-c0bba94af5f8/go.mod h1:oPkhp1MJrh7nUepCBck5+mAzfO9JrbApNNgaTdGDITg=
golang.org/x/term v0.0.0-20201126162022-7de9c90e9dd1/go.mod h1:bj7SfCRtBDWHUb9snDiAeCFNEtKQo2Wmx5Cou7ajbmo=
golang.org/x/text v0.3.0/go.mod h1:NqM8EUOU14njkJ3fqMW+pc6Ldnwhi/IjpwHt7yyuwOQ=
golang.org/x/text v0.3.2/go.mod h1:bEr9sfX3Q8Zfm5fL9x+3itogRgK3+ptLWKqgva+5dAk=
golang.org/x/text v0.3.3/go.mod h1:5Zoc/QRtKVWzQhOtBMvqHzDpF6irO9z98xDceosuGiQ=
golang.org/x/text v0.3.6/go.mod h1:5Zoc/QRtKVWzQhOtBMvqHzDpF6irO9z98xDceosuGiQ=
golang.org/x/text v0.3.7 h1:olpwvP2KacW1ZWvsR7uQhoyTYvKAupfQrRGBFM352Gk=
golang.org/x/text v0.3.7/go.mod h1:u+2+/6zg+i71rQMx5EYifcz6MCKuco9NR6JIITiCfzQ=
golang.org/x/tools v0.0.0-20180917221912-90fa682c2a6e/go.mod h1:n7NCudcB/nEzxVGmLbDWY5pfWTLqBcC2KZ6jyYvM4mQ=
golang.org/x/tools v0.0.0-20191119224855-298f0cb1881e/go.mod h1:b+2E5dAYhXwXZwtnZ6UAqBI28+e2cm9otk0dWdXHAEo=
golang.org/x/tools v0.0.0-20201124115921-2c860bdd6e78 h1:M8tBwCtWD/cZV9DZpFYRUgaymAYAr+aIUTWzDaM3uPs=
golang.org/x/tools v0.0.0-20201124115921-2c860bdd6e78/go.mod h1:emZCQorbCU4vsT4fOWvOPXz4eW1wZW4PmDk9uLelYpA=
golang.org/x/xerrors v0.0.0-20190717185122-a985d3407aa7/go.mod h1:I/5z698sn9Ka8TeJc9MKroUUfqBBauWjQqLJ2OPfmY0=
golang.org/x/xerrors v0.0.0-20191011141410-1b5146add898/go.mod h1:I/5z698sn9Ka8TeJc9MKroUUfqBBauWjQqLJ2OPfmY0=
golang.org/x/xerrors v0.0.0-20191204190536-9bdfabe68543/go.mod h1:I/5z698sn9Ka8TeJc9MKroUUfqBBauWjQqLJ2OPfmY0=
golang.org/x/xerrors v0.0.0-20200804184101-5ec99f83aff1 h1:go1bK/D/BFZV2I8cIQd1NKEZ+0owSTG1fDTci4IqFcE=
golang.org/x/xerrors v0.0.0-20200804184101-5ec99f83aff1/go.mod h1:I/5z698sn9Ka8TeJc9MKroUUfqBBauWjQqLJ2OPfmY0=
google.golang.org/protobuf v1.26.0-rc.1/go.mod h1:jlhhOSvTdKEhbULTjvd4ARK9grFBp09yW+WbY/TyQbw=
google.golang.org/protobuf v1.26.0/go.mod h1:9q0QmTI4eRPtz6boOQmLYwt+qCgq0jsYwAQnmE0givc=
google.golang.org/protobuf v1.27.1 h1:SnqbnDw1V7RiZcXPx5MEeqPv2s79L9i7BJUlG/+RurQ=
google.golang.org/protobuf v1.27.1/go.mod h1:9q0QmTI4eRPtz6boOQmLYwt+qCgq0jsYwAQnmE0givc=
gopkg.in/check.v1 v0.0.0-20161208181325-20d25e280405/go.mod h1:Co6ibVJAznAaIkqp8huTwlJQCZ016jof/cbN4VW5Yz0=
gopkg.in/check.v1 v1.0.0-20200227125254-8fa46927fb4f h1:BLraFXnmrev5lT+xlilqcH8XK9/i0At2xKjWk4p6zsU=
gopkg.in/check.v1 v1.0.0-20200227125254-8fa46927fb4f/go.mod h1:Co6ibVJAznAaIkqp8huTwlJQCZ016jof/cbN4VW5Yz0=
gopkg.in/square/go-jose.v2 v2.6.0 h1:NGk74WTnPKBNUhNzQX7PYcTLUjoq7mzKk2OKbvwk2iI=
gopkg.in/square/go-jose.v2 v2.6.0/go.mod h1:M9dMgbHiYLoDGQrXy7OpJDJWiKiU//h+vD76mk0e1AI=
gopkg.in/yaml.v2 v2.2.2/go.mod h1:hI93XBmqTisBFMUTm0b8Fm+jr3Dg1NNxqwp+5A1VGuI=
gopkg.in/yaml.v2 v2.2.8 h1:obN1ZagJSUGI0Ek/LBmuj4SNLPfIny3KsKFopxRdj10=
gopkg.in/yaml.v2 v2.2.8/go.mod h1:hI93XBmqTisBFMUTm0b8Fm+jr3Dg1NNxqwp+5A1VGuI=
gopkg.in/yaml.v3 v3.0.0-20200313102051-9f266ea9e77c/go.mod h1:K4uyk7z7BCEPqu6E+C64Yfv1cQ7kz7rIZviUmN+EgEM=
gopkg.in/yaml.v3 v3.0.0-20210107192922-496545a6307b h1:h8qDotaEPuJATrMmW04NCwg7v22aHH28wwpauUhK9Oo=
gopkg.in/yaml.v3 v3.0.0-20210107192922-496545a6307b/go.mod h1:K4uyk7z7BCEPqu6E+C64Yfv1cQ7kz7rIZviUmN+EgEM=
lukechampine.com/uint128 v1.1.1 h1:pnxCASz787iMf+02ssImqk6OLt+Z5QHMoZyUXR4z6JU=
lukechampine.com/uint128 v1.1.1/go.mod h1:c4eWIwlEGaxC/+H1VguhU4PHXNWDCDMUlWdIWl2j1gk=
modernc.org/cc/v3 v3.33.6/go.mod h1:iPJg1pkwXqAV16SNgFBVYmggfMg6xhs+2oiO0vclK3g=
modernc.org/cc/v3 v3.33.9/go.mod h1:iPJg1pkwXqAV16SNgFBVYmggfMg6xhs+2oiO0vclK3g=
modernc.org/cc/v3 v3.33.11/go.mod h1:iPJg1pkwXqAV16SNgFBVYmggfMg6xhs+2oiO0vclK3g=
modernc.org/cc/v3 v3.34.0/go.mod h1:iPJg1pkwXqAV16SNgFBVYmggfMg6xhs+2oiO0vclK3g=
modernc.org/cc/v3 v3.35.0/go.mod h1:iPJg1pkwXqAV16SNgFBVYmggfMg6xhs+2oiO0vclK3g=
modernc.org/cc/v3 v3.35.4/go.mod h1:iPJg1pkwXqAV16SNgFBVYmggfMg6xhs+2oiO0vclK3g=
modernc.org/cc/v3 v3.35.5/go.mod h1:iPJg1pkwXqAV16SNgFBVYmggfMg6xhs+2oiO0vclK3g=
modernc.org/cc/v3 v3.35.7/go.mod h1:iPJg1pkwXqAV16SNgFBVYmggfMg6xhs+2oiO0vclK3g=
modernc.org/cc/v3 v3.35.8/go.mod h1:iPJg1pkwXqAV16SNgFBVYmggfMg6xhs+2oiO0vclK3g=
modernc.org/cc/v3 v3.35.10/go.mod h1:iPJg1pkwXqAV16SNgFBVYmggfMg6xhs+2oiO0vclK3g=
modernc.org/cc/v3 v3.35.15/go.mod h1:iPJg1pkwXqAV16SNgFBVYmggfMg6xhs+2oiO0vclK3g=
modernc.org/cc/v3 v3.35.16/go.mod h1:iPJg1pkwXqAV16SNgFBVYmggfMg6xhs+2oiO0vclK3g=
modernc.org/cc/v3 v3.35.17/go.mod h1:iPJg1pkwXqAV16SNgFBVYmggfMg6xhs+2oiO0vclK3g=
modernc.org/cc/v3 v3.35.18/go.mod h1:iPJg1pkwXqAV16SNgFBVYmggfMg6xhs+2oiO0vclK3g=
modernc.org/cc/v3 v3.35.20/go.mod h1:iPJg1pkwXqAV16SNgFBVYmggfMg6xhs+2oiO0vclK3g=
modernc.org/cc/v3 v3.35.22/go.mod h1:iPJg1pkwXqAV16SNgFBVYmggfMg6xhs+2oiO0vclK3g=
modernc.org/cc/v3 v3.35.24 h1:vlCqjhVwX15t1uwlMPpOpNRC7JTjMZ9lT9DYHKQTFuA=
modernc.org/cc/v3 v3.35.24/go.mod h1:NFUHyPn4ekoC/JHeZFfZurN6ixxawE1BnVonP/oahEI=
modernc.org/ccgo/v3 v3.9.5/go.mod h1:umuo2EP2oDSBnD3ckjaVUXMrmeAw8C8OSICVa0iFf60=
modernc.org/ccgo/v3 v3.10.0/go.mod h1:c0yBmkRFi7uW4J7fwx/JiijwOjeAeR2NoSaRVFPmjMw=
modernc.org/ccgo/v3 v3.11.0/go.mod h1:dGNposbDp9TOZ/1KBxghxtUp/bzErD0/0QW4hhSaBMI=
modernc.org/ccgo/v3 v3.11.1/go.mod h1:lWHxfsn13L3f7hgGsGlU28D9eUOf6y3ZYHKoPaKU0ag=
modernc.org/ccgo/v3 v3.11.3/go.mod h1:0oHunRBMBiXOKdaglfMlRPBALQqsfrCKXgw9okQ3GEw=
modernc.org/ccgo/v3 v3.12.4/go.mod h1:Bk+m6m2tsooJchP/Yk5ji56cClmN6R1cqc9o/YtbgBQ=
modernc.org/ccgo/v3 v3.12.6/go.mod h1:0Ji3ruvpFPpz+yu+1m0wk68pdr/LENABhTrDkMDWH6c=
modernc.org/ccgo/v3 v3.12.8/go.mod h1:Hq9keM4ZfjCDuDXxaHptpv9N24JhgBZmUG5q60iLgUo=
modernc.org/ccgo/v3 v3.12.11/go.mod h1:0jVcmyDwDKDGWbcrzQ+xwJjbhZruHtouiBEvDfoIsdg=
modernc.org/ccgo/v3 v3.12.14/go.mod h1:GhTu1k0YCpJSuWwtRAEHAol5W7g1/RRfS4/9hc9vF5I=
modernc.org/ccgo/v3 v3.12.18/go.mod h1:jvg/xVdWWmZACSgOiAhpWpwHWylbJaSzayCqNOJKIhs=
modernc.org/ccgo/v3 v3.12.20/go.mod h1:aKEdssiu7gVgSy/jjMastnv/q6wWGRbszbheXgWRHc8=
modernc.org/ccgo/v3 v3.12.21/go.mod h1:ydgg2tEprnyMn159ZO/N4pLBqpL7NOkJ88GT5zNU2dE=
modernc.org/ccgo/v3 v3.12.22/go.mod h1:nyDVFMmMWhMsgQw+5JH6B6o4MnZ+UQNw1pp52XYFPRk=
modernc.org/ccgo/v3 v3.12.25/go.mod h1:UaLyWI26TwyIT4+ZFNjkyTbsPsY3plAEB6E7L/vZV3w=
modernc.org/ccgo/v3 v3.12.29/go.mod h1:FXVjG7YLf9FetsS2OOYcwNhcdOLGt8S9bQ48+OP75cE=
modernc.org/ccgo/v3 v3.12.36/go.mod h1:uP3/Fiezp/Ga8onfvMLpREq+KUjUmYMxXPO8tETHtA8=
modernc.org/ccgo/v3 v3.12.38/go.mod h1:93O0G7baRST1vNj4wnZ49b1kLxt0xCW5Hsa2qRaZPqc=
modernc.org/ccgo/v3 v3.12.43/go.mod h1:k+DqGXd3o7W+inNujK15S5ZYuPoWYLpF5PYougCmthU=
modernc.org/ccgo/v3 v3.12.46/go.mod h1:UZe6EvMSqOxaJ4sznY7b23/k13R8XNlyWsO5bAmSgOE=
modernc.org/ccgo/v3 v3.12.47/go.mod h1:m8d6p0zNps187fhBwzY/ii6gxfjob1VxWb919Nk1HUk=
modernc.org/ccgo/v3 v3.12.50/go.mod h1:bu9YIwtg+HXQxBhsRDE+cJjQRuINuT9PUK4orOco/JI=
modernc.org/ccgo/v3 v3.12.51/go.mod h1:gaIIlx4YpmGO2bLye04/yeblmvWEmE4BBBls4aJXFiE=
modernc.org/ccgo/v3 v3.12.53/go.mod h1:8xWGGTFkdFEWBEsUmi+DBjwu/WLy3SSOrqEmKUjMeEg=
modernc.org/ccgo/v3 v3.12.54/go.mod h1:yANKFTm9llTFVX1FqNKHE0aMcQb1fuPJx6p8AcUx+74=
modernc.org/ccgo/v3 v3.12.55/go.mod h1:rsXiIyJi9psOwiBkplOaHye5L4MOOaCjHg1Fxkj7IeU=
modernc.org/ccgo/v3 v3.12.56/go.mod h1:ljeFks3faDseCkr60JMpeDb2GSO3TKAmrzm7q9YOcMU=
modernc.org/ccgo/v3 v3.12.57/go.mod h1:hNSF4DNVgBl8wYHpMvPqQWDQx8luqxDnNGCMM4NFNMc=
modernc.org/ccgo/v3 v3.12.60/go.mod h1:k/Nn0zdO1xHVWjPYVshDeWKqbRWIfif5dtsIOCUVMqM=
modernc.org/ccgo/v3 v3.12.66/go.mod h1:jUuxlCFZTUZLMV08s7B1ekHX5+LIAurKTTaugUr/EhQ=
modernc.org/ccgo/v3 v3.12.67/go.mod h1:Bll3KwKvGROizP2Xj17GEGOTrlvB1XcVaBrC90ORO84=
modernc.org/ccgo/v3 v3.12.73/go.mod h1:hngkB+nUUqzOf3iqsM48Gf1FZhY599qzVg1iX+BT3cQ=
modernc.org/ccgo/v3 v3.12.81/go.mod h1:p2A1duHoBBg1mFtYvnhAnQyI6vL0uw5PGYLSIgF6rYY=
modernc.org/ccgo/v3 v3.12.84/go.mod h1:ApbflUfa5BKadjHynCficldU1ghjen84tuM5jRynB7w=
modernc.org/ccgo/v3 v3.12.86/go.mod h1:dN7S26DLTgVSni1PVA3KxxHTcykyDurf3OgUzNqTSrU=
modernc.org/ccgo/v3 v3.12.90/go.mod h1:obhSc3CdivCRpYZmrvO88TXlW0NvoSVvdh/ccRjJYko=
modernc.org/ccgo/v3 v3.12.92/go.mod h1:5yDdN7ti9KWPi5bRVWPl8UNhpEAtCjuEE7ayQnzzqHA=
modernc.org/ccgo/v3 v3.13.1/go.mod h1:aBYVOUfIlcSnrsRVU8VRS35y2DIfpgkmVkYZ0tpIXi4=
modernc.org/ccgo/v3 v3.15.9/go.mod h1:md59wBwDT2LznX/OTCPoVS6KIsdRgY8xqQwBV+hkTH0=
modernc.org/ccgo/v3 v3.15.10/go.mod h1:wQKxoFn0ynxMuCLfFD09c8XPUCc8obfchoVR9Cn0fI8=
modernc.org/ccgo/v3 v3.15.12/go.mod h1:VFePOWoCd8uDGRJpq/zfJ29D0EVzMSyID8LCMWYbX6I=
modernc.org/ccgo/v3 v3.15.14/go.mod h1:144Sz2iBCKogb9OKwsu7hQEub3EVgOlyI8wMUPGKUXQ=
modernc.org/ccgo/v3 v3.15.15/go.mod h1:z5qltXjU4PJl0pE5nhYQCvA9DhPHiWsl5GWl89+NSYE=
modernc.org/ccgo/v3 v3.15.16/go.mod h1:XbKRMeMWMdq712Tr5ECgATYMrzJ+g9zAZEj2ktzBe24=
modernc.org/ccgo/v3 v3.15.17 h1:svaDk4rfh7XQPBwkqzjKK8bta/vK4VVL3JP6ZLbcr0w=
modernc.org/ccgo/v3 v3.15.17/go.mod h1:bofnFkpRFf5gLY+mBZIyTW6FEcp26xi2lgOFk2Rlvs0=
modernc.org/ccorpus v1.11.1/go.mod h1:2gEUTrWqdpH2pXsmTM1ZkjeSrUWDpjMu2T6m29L/ErQ=
modernc.org/ccorpus v1.11.6 h1:J16RXiiqiCgua6+ZvQot4yUuUy8zxgqbqEEUuGPlISk=
modernc.org/ccorpus v1.11.6/go.mod h1:2gEUTrWqdpH2pXsmTM1ZkjeSrUWDpjMu2T6m29L/ErQ=
modernc.org/httpfs v1.0.6 h1:AAgIpFZRXuYnkjftxTAZwMIiwEqAfk8aVB2/oA6nAeM=
modernc.org/httpfs v1.0.6/go.mod h1:7dosgurJGp0sPaRanU53W4xZYKh14wfzX420oZADeHM=
modernc.org/libc v1.9.8/go.mod h1:U1eq8YWr/Kc1RWCMFUWEdkTg8OTcfLw2kY8EDwl039w=
modernc.org/libc v1.9.11/go.mod h1:NyF3tsA5ArIjJ83XB0JlqhjTabTCHm9aX4XMPHyQn0Q=
modernc.org/libc v1.11.0/go.mod h1:2lOfPmj7cz+g1MrPNmX65QCzVxgNq2C5o0jdLY2gAYg=
modernc.org/libc v1.11.2/go.mod h1:ioIyrl3ETkugDO3SGZ+6EOKvlP3zSOycUETe4XM4n8M=
modernc.org/libc v1.11.5/go.mod h1:k3HDCP95A6U111Q5TmG3nAyUcp3kR5YFZTeDS9v8vSU=
modernc.org/libc v1.11.6/go.mod h1:ddqmzR6p5i4jIGK1d/EiSw97LBcE3dK24QEwCFvgNgE=
modernc.org/libc v1.11.11/go.mod h1:lXEp9QOOk4qAYOtL3BmMve99S5Owz7Qyowzvg6LiZso=
modernc.org/libc v1.11.13/go.mod h1:ZYawJWlXIzXy2Pzghaf7YfM8OKacP3eZQI81PDLFdY8=
modernc.org/libc v1.11.16/go.mod h1:+DJquzYi+DMRUtWI1YNxrlQO6TcA5+dRRiq8HWBWRC8=
modernc.org/libc v1.11.19/go.mod h1:e0dgEame6mkydy19KKaVPBeEnyJB4LGNb0bBH1EtQ3I=
modernc.org/libc v1.11.24/go.mod h1:FOSzE0UwookyT1TtCJrRkvsOrX2k38HoInhw+cSCUGk=
modernc.org/libc v1.11.26/go.mod h1:SFjnYi9OSd2W7f4ct622o/PAYqk7KHv6GS8NZULIjKY=
modernc.org/libc v1.11.27/go.mod h1:zmWm6kcFXt/jpzeCgfvUNswM0qke8qVwxqZrnddlDiE=
modernc.org/libc v1.11.28/go.mod h1:Ii4V0fTFcbq3qrv3CNn+OGHAvzqMBvC7dBNyC4vHZlg=
modernc.org/libc v1.11.31/go.mod h1:FpBncUkEAtopRNJj8aRo29qUiyx5AvAlAxzlx9GNaVM=
modernc.org/libc v1.11.34/go.mod h1:+Tzc4hnb1iaX/SKAutJmfzES6awxfU1BPvrrJO0pYLg=
modernc.org/libc v1.11.37/go.mod h1:dCQebOwoO1046yTrfUE5nX1f3YpGZQKNcITUYWlrAWo=
modernc.org/libc v1.11.39/go.mod h1:mV8lJMo2S5A31uD0k1cMu7vrJbSA3J3waQJxpV4iqx8=
modernc.org/libc v1.11.42/go.mod h1:yzrLDU+sSjLE+D4bIhS7q1L5UwXDOw99PLSX0BlZvSQ=
modernc.org/libc v1.11.44/go.mod h1:KFq33jsma7F5WXiYelU8quMJasCCTnHK0mkri4yPHgA=
modernc.org/libc v1.11.45/go.mod h1:Y192orvfVQQYFzCNsn+Xt0Hxt4DiO4USpLNXBlXg/tM=
modernc.org/libc v1.11.47/go.mod h1:tPkE4PzCTW27E6AIKIR5IwHAQKCAtudEIeAV1/SiyBg=
modernc.org/libc v1.11.49/go.mod h1:9JrJuK5WTtoTWIFQ7QjX2Mb/bagYdZdscI3xrvHbXjE=
modernc.org/libc v1.11.51/go.mod h1:R9I8u9TS+meaWLdbfQhq2kFknTW0O3aw3kEMqDDxMaM=
modernc.org/libc v1.11.53/go.mod h1:5ip5vWYPAoMulkQ5XlSJTy12Sz5U6blOQiYasilVPsU=
modernc.org/libc v1.11.54/go.mod h1:S/FVnskbzVUrjfBqlGFIPA5m7UwB3n9fojHhCNfSsnw=
modernc.org/libc v1.11.55/go.mod h1:j2A5YBRm6HjNkoSs/fzZrSxCuwWqcMYTDPLNx0URn3M=
modernc.org/libc v1.11.56/go.mod h1:pakHkg5JdMLt2OgRadpPOTnyRXm/uzu+Yyg/LSLdi18=
modernc.org/libc v1.11.58/go.mod h1:ns94Rxv0OWyoQrDqMFfWwka2BcaF6/61CqJRK9LP7S8=
modernc.org/libc v1.11.71/go.mod h1:DUOmMYe+IvKi9n6Mycyx3DbjfzSKrdr/0Vgt3j7P5gw=
modernc.org/libc v1.11.75/go.mod h1:dGRVugT6edz361wmD9gk6ax1AbDSe0x5vji0dGJiPT0=
modernc.org/libc v1.11.82/go.mod h1:NF+Ek1BOl2jeC7lw3a7Jj5PWyHPwWD4aq3wVKxqV1fI=
modernc.org/libc v1.11.86/go.mod h1:ePuYgoQLmvxdNT06RpGnaDKJmDNEkV7ZPKI2jnsvZoE=
modernc.org/libc v1.11.87/go.mod h1:Qvd5iXTeLhI5PS0XSyqMY99282y+3euapQFxM7jYnpY=
modernc.org/libc v1.11.88/go.mod h1:h3oIVe8dxmTcchcFuCcJ4nAWaoiwzKCdv82MM0oiIdQ=
modernc.org/libc v1.11.98/go.mod h1:ynK5sbjsU77AP+nn61+k+wxUGRx9rOFcIqWYYMaDZ4c=
modernc.org/libc v1.11.101/go.mod h1:wLLYgEiY2D17NbBOEp+mIJJJBGSiy7fLL4ZrGGZ+8jI=
modernc.org/libc v1.12.0/go.mod h1:2MH3DaF/gCU8i/UBiVE1VFRos4o523M7zipmwH8SIgQ=
modernc.org/libc v1.14.1/go.mod h1:npFeGWjmZTjFeWALQLrvklVmAxv4m80jnG3+xI8FdJk=
modernc.org/libc v1.14.2/go.mod h1:MX1GBLnRLNdvmK9azU9LCxZ5lMyhrbEMK8rG3X/Fe34=
modernc.org/libc v1.14.3/go.mod h1:GPIvQVOVPizzlqyRX3l756/3ppsAgg1QgPxjr5Q4agQ=
modernc.org/libc v1.14.6/go.mod h1:2PJHINagVxO4QW/5OQdRrvMYo+bm5ClpUFfyXCYl9ak=
modernc.org/libc v1.14.7/go.mod h1:f8xfWXW8LW41qb4X5+huVQo5dcfPlq7Cbny2TDheMv0=
modernc.org/libc v1.14.8/go.mod h1:9+JCLb1MWSY23smyOpIPbd5ED+rSS/ieiDWUpdyO3mo=
modernc.org/libc v1.14.10/go.mod h1:y1MtIWhwpJFpLYm6grAThtuXJKEsY6xkdZmXbRngIdo=
modernc.org/libc v1.14.11 h1:ivxNmUkfp5iSGAGMIjylvx5R53s6QTJW9qUru1yrnk4=
modernc.org/libc v1.14.11/go.mod h1:l5/Mz/GrZwOqzwRHA3abgSCnSeJzzTl+Ify0bAwKbAw=
modernc.org/mathutil v1.1.1/go.mod h1:mZW8CKdRPY1v87qxC/wUdX5O1qDzXMP5TH3wjfpga6E=
modernc.org/mathutil v1.2.2/go.mod h1:mZW8CKdRPY1v87qxC/wUdX5O1qDzXMP5TH3wjfpga6E=
modernc.org/mathutil v1.4.0/go.mod h1:mZW8CKdRPY1v87qxC/wUdX5O1qDzXMP5TH3wjfpga6E=
modernc.org/mathutil v1.4.1 h1:ij3fYGe8zBF4Vu+g0oT7mB06r8sqGWKuJu1yXeR4by8=
modernc.org/mathutil v1.4.1/go.mod h1:mZW8CKdRPY1v87qxC/wUdX5O1qDzXMP5TH3wjfpga6E=
modernc.org/memory v1.0.4/go.mod h1:nV2OApxradM3/OVbs2/0OsP6nPfakXpi50C7dcoHXlc=
modernc.org/memory v1.0.5/go.mod h1:B7OYswTRnfGg+4tDH1t1OeUNnsy2viGTdME4tzd+IjM=
modernc.org/memory v1.0.6 h1:5IaT/LChMrMdxLCy/a4qmb+7SzGiU8/ozPgkEOrfvFw=
modernc.org/memory v1.0.6/go.mod h1:/0wo5ibyrQiaoUoH7f9D8dnglAmILJ5/cxZlRECf+Nw=
modernc.org/opt v0.1.1 h1:/0RX92k9vwVeDXj+Xn23DKp2VJubL7k8qNffND6qn3A=
modernc.org/opt v0.1.1/go.mod h1:WdSiB5evDcignE70guQKxYUl14mgWtbClRi5wmkkTX0=
modernc.org/sqlite v1.15.2 h1:Es0SrEJUQHH7rt6uC/Zh2gHQ0AUhgB+F2RQqpXf3MNs=
modernc.org/sqlite v1.15.2/go.mod h1:2P9bWfawhYMpYsBELqKREE+LFZo4uPApOuqszlZ7QX8=
modernc.org/strutil v1.1.1 h1:xv+J1BXY3Opl2ALrBwyfEikFAj8pmqcpnfmuwUwcozs=
modernc.org/strutil v1.1.1/go.mod h1:DE+MQQ/hjKBZS2zNInV5hhcipt5rLPWkmpbGeW5mmdw=
modernc.org/tcl v1.11.2 h1:mXpsx3AZqJt83uDiFu9UYQVBjNjaWKGCF1YDSlpCL6Y=
modernc.org/tcl v1.11.2/go.mod h1:BRzgpajcGdS2qTxniOx9c/dcxjlbA7p12eJNmiriQYo=
modernc.org/token v1.0.0 h1:a0jaWiNMDhDUtqOj09wvjWWAqd3q7WpBulmL9H2egsk=
modernc.org/token v1.0.0/go.mod h1:UGzOrNV1mAFSEB63lOFHIpNRUVMvYTc6yu1SMY/XTDM=
modernc.org/z v1.3.2 h1:4GWBVMa48UDC7KQ9tnaggN/yTlXg+CdCX9bhgHPQ9AM=
modernc.org/z v1.3.2/go.mod h1:PEU2oK2OEA1CfzDTd+8E908qEXhC9s0MfyKp5LZsd+k=
